
Microsoft Visual Studio Solution File, Format Version 12.00
# Visual Studio Version 17
VisualStudioVersion = 17.11.35219.272
MinimumVisualStudioVersion = 10.0.40219.1
Project("{FAE04EC0-301F-11D3-BF4B-00C04F79EFBC}") = "NeonBoot", "NeonBoot\NeonBoot.csproj", "{79FFAC4B-0C71-486B-A854-CB0B4A6085EB}"
EndProject
Global
	GlobalSection(SolutionConfigurationPlatforms) = preSolution
		Debug|Any CPU = Debug|Any CPU
		Release|Any CPU = Release|Any CPU
	EndGlobalSection
	GlobalSection(ProjectConfigurationPlatforms) = postSolution
		{79FFAC4B-0C71-486B-A854-CB0B4A6085EB}.Debug|Any CPU.ActiveCfg = Debug|Any CPU
		{79FFAC4B-0C71-486B-A854-CB0B4A6085EB}.Debug|Any CPU.Build.0 = Debug|Any CPU
		{79FFAC4B-0C71-486B-A854-CB0B4A6085EB}.Release|Any CPU.ActiveCfg = Release|Any CPU
		{79FFAC4B-0C71-486B-A854-CB0B4A6085EB}.Release|Any CPU.Build.0 = Release|Any CPU
	EndGlobalSection
	GlobalSection(SolutionProperties) = preSolution
		HideSolutionNode = FALSE
	EndGlobalSection
	GlobalSection(ExtensibilityGlobals) = postSolution
		SolutionGuid = {44A8F33B-610E-4BCD-A8F4-9800F627A624}
	EndGlobalSection
EndGlobal
